
Microsoft Visual Studio Solution File, Format Version 12.00
# Visual Studio 15
Project("{FAE04EC0-301F-11D3-BF4B-00C04F79EFBC}") = "Assembly-CSharp", "Assembly-CSharp.csproj", "{A81A947B-3890-E30F-260B-C7C6F36C123D}"
EndProject
Project("{FAE04EC0-301F-11D3-BF4B-00C04F79EFBC}") = "Assembly-CSharp-Editor", "Assembly-CSharp-Editor.csproj", "{9525FD5B-E999-168E-C0EE-E783F8ADFDD8}"
EndProject
Global
	GlobalSection(SolutionConfigurationPlatforms) = preSolution
		Debug|Any CPU = Debug|Any CPU
		Release|Any CPU = Release|Any CPU
	EndGlobalSection
	GlobalSection(ProjectConfigurationPlatforms) = postSolution
		{A81A947B-3890-E30F-260B-C7C6F36C123D}.Debug|Any CPU.ActiveCfg = Debug|Any CPU
		{A81A947B-3890-E30F-260B-C7C6F36C123D}.Debug|Any CPU.Build.0 = Debug|Any CPU
		{A81A947B-3890-E30F-260B-C7C6F36C123D}.Release|Any CPU.ActiveCfg = Release|Any CPU
		{A81A947B-3890-E30F-260B-C7C6F36C123D}.Release|Any CPU.Build.0 = Release|Any CPU
		{9525FD5B-E999-168E-C0EE-E783F8ADFDD8}.Debug|Any CPU.ActiveCfg = Debug|Any CPU
		{9525FD5B-E999-168E-C0EE-E783F8ADFDD8}.Debug|Any CPU.Build.0 = Debug|Any CPU
		{9525FD5B-E999-168E-C0EE-E783F8ADFDD8}.Release|Any CPU.ActiveCfg = Release|Any CPU
		{9525FD5B-E999-168E-C0EE-E783F8ADFDD8}.Release|Any CPU.Build.0 = Release|Any CPU
	EndGlobalSection
	GlobalSection(SolutionProperties) = preSolution
		HideSolutionNode = FALSE
	EndGlobalSection
EndGlobal
